// !$*UTF8*$!
{
	archiveVersion = 1;
	classes = {
	};
	objectVersion = 46;
	objects = {

/* Begin PBXBuildFile section */
		274B25571F13B2E900574E54 /* ViewController.swift in Sources */ = {isa = PBXBuildFile; fileRef = E60B34021E15A47300C36E8C /* ViewController.swift */; };
		27FF87461E48B1F8003A34E8 /* STExampleTests.swift in Sources */ = {isa = PBXBuildFile; fileRef = 27FF87451E48B1F8003A34E8 /* STExampleTests.swift */; };
		27FF87501E48B308003A34E8 /* LICENSE.txt in Resources */ = {isa = PBXBuildFile; fileRef = 27FF874E1E48B308003A34E8 /* LICENSE.txt */; };
		5C8727DF1999CF00E04F5EE2 /* Pods_STExampleTests.framework in Frameworks */ = {isa = PBXBuildFile; fileRef = 9F7CC94B16C829150B0AF21B /* Pods_STExampleTests.framework */; };
		E60B34011E15A47300C36E8C /* AppDelegate.swift in Sources */ = {isa = PBXBuildFile; fileRef = E60B34001E15A47300C36E8C /* AppDelegate.swift */; };
		E60B34031E15A47300C36E8C /* ViewController.swift in Sources */ = {isa = PBXBuildFile; fileRef = E60B34021E15A47300C36E8C /* ViewController.swift */; };
		E60B34061E15A47300C36E8C /* Main.storyboard in Resources */ = {isa = PBXBuildFile; fileRef = E60B34041E15A47300C36E8C /* Main.storyboard */; };
		E60B34081E15A47300C36E8C /* Assets.xcassets in Resources */ = {isa = PBXBuildFile; fileRef = E60B34071E15A47300C36E8C /* Assets.xcassets */; };
		E60B340B1E15A47300C36E8C /* LaunchScreen.storyboard in Resources */ = {isa = PBXBuildFile; fileRef = E60B34091E15A47300C36E8C /* LaunchScreen.storyboard */; };
/* End PBXBuildFile section */

/* Begin PBXContainerItemProxy section */
		27FF87481E48B1F8003A34E8 /* PBXContainerItemProxy */ = {
			isa = PBXContainerItemProxy;
			containerPortal = E60B33F51E15A47300C36E8C /* Project object */;
			proxyType = 1;
			remoteGlobalIDString = E60B33FC1E15A47300C36E8C;
			remoteInfo = STExample;
		};
/* End PBXContainerItemProxy section */

/* Begin PBXFileReference section */
		27FF87431E48B1F8003A34E8 /* STExampleTests.xctest */ = {isa = PBXFileReference; explicitFileType = wrapper.cfbundle; includeInIndex = 0; path = STExampleTests.xctest; sourceTree = BUILT_PRODUCTS_DIR; };
		27FF87451E48B1F8003A34E8 /* STExampleTests.swift */ = {isa = PBXFileReference; lastKnownFileType = sourcecode.swift; path = STExampleTests.swift; sourceTree = "<group>"; };
		27FF87471E48B1F8003A34E8 /* Info.plist */ = {isa = PBXFileReference; lastKnownFileType = text.plist.xml; path = Info.plist; sourceTree = "<group>"; };
		27FF874E1E48B308003A34E8 /* LICENSE.txt */ = {isa = PBXFileReference; fileEncoding = 4; lastKnownFileType = text; path = LICENSE.txt; sourceTree = "<group>"; };
		27FF874F1E48B308003A34E8 /* README.md */ = {isa = PBXFileReference; fileEncoding = 4; lastKnownFileType = net.daringfireball.markdown; path = README.md; sourceTree = "<group>"; };
		53F3D83E526B6DB4D802CB55 /* Pods-STExampleTests.release.xcconfig */ = {isa = PBXFileReference; includeInIndex = 1; lastKnownFileType = text.xcconfig; name = "Pods-STExampleTests.release.xcconfig"; path = "Pods/Target Support Files/Pods-STExampleTests/Pods-STExampleTests.release.xcconfig"; sourceTree = "<group>"; };
		8D242BA12EC2732011E6B2B0 /* Pods-STExampleTests.debug.xcconfig */ = {isa = PBXFileReference; includeInIndex = 1; lastKnownFileType = text.xcconfig; name = "Pods-STExampleTests.debug.xcconfig"; path = "Pods/Target Support Files/Pods-STExampleTests/Pods-STExampleTests.debug.xcconfig"; sourceTree = "<group>"; };
		916E2199CA578FFF13CB3696 /* Pods_STExample.framework */ = {isa = PBXFileReference; explicitFileType = wrapper.framework; includeInIndex = 0; path = Pods_STExample.framework; sourceTree = BUILT_PRODUCTS_DIR; };
		9F7CC94B16C829150B0AF21B /* Pods_STExampleTests.framework */ = {isa = PBXFileReference; explicitFileType = wrapper.framework; includeInIndex = 0; path = Pods_STExampleTests.framework; sourceTree = BUILT_PRODUCTS_DIR; };
		E60B33FD1E15A47300C36E8C /* STExample.app */ = {isa = PBXFileReference; explicitFileType = wrapper.application; includeInIndex = 0; path = STExample.app; sourceTree = BUILT_PRODUCTS_DIR; };
		E60B34001E15A47300C36E8C /* AppDelegate.swift */ = {isa = PBXFileReference; lastKnownFileType = sourcecode.swift; path = AppDelegate.swift; sourceTree = "<group>"; };
		E60B34021E15A47300C36E8C /* ViewController.swift */ = {isa = PBXFileReference; lastKnownFileType = sourcecode.swift; path = ViewController.swift; sourceTree = "<group>"; };
		E60B34051E15A47300C36E8C /* Base */ = {isa = PBXFileReference; lastKnownFileType = file.storyboard; name = Base; path = Base.lproj/Main.storyboard; sourceTree = "<group>"; };
		E60B34071E15A47300C36E8C /* Assets.xcassets */ = {isa = PBXFileReference; lastKnownFileType = folder.assetcatalog; path = Assets.xcassets; sourceTree = "<group>"; };
		E60B340A1E15A47300C36E8C /* Base */ = {isa = PBXFileReference; lastKnownFileType = file.storyboard; name = Base; path = Base.lproj/LaunchScreen.storyboard; sourceTree = "<group>"; };
		E60B340C1E15A47300C36E8C /* Info.plist */ = {isa = PBXFileReference; lastKnownFileType = text.plist.xml; path = Info.plist; sourceTree = "<group>"; };
/* End PBXFileReference section */

/* Begin PBXFrameworksBuildPhase section */
		27FF87401E48B1F8003A34E8 /* Frameworks */ = {
			isa = PBXFrameworksBuildPhase;
			buildActionMask = 2147483647;
			files = (
				5C8727DF1999CF00E04F5EE2 /* Pods_STExampleTests.framework in Frameworks */,
			);
			runOnlyForDeploymentPostprocessing = 0;
		};
		E60B33FA1E15A47300C36E8C /* Frameworks */ = {
			isa = PBXFrameworksBuildPhase;
			buildActionMask = 2147483647;
			files = (
			);
			runOnlyForDeploymentPostprocessing = 0;
		};
/* End PBXFrameworksBuildPhase section */

/* Begin PBXGroup section */
		27FF87441E48B1F8003A34E8 /* STExampleTests */ = {
			isa = PBXGroup;
			children = (
				27FF87451E48B1F8003A34E8 /* STExampleTests.swift */,
				27FF87471E48B1F8003A34E8 /* Info.plist */,
			);
			path = STExampleTests;
			sourceTree = "<group>";
		};
		27FF874D1E48B2F1003A34E8 /* Metadata */ = {
			isa = PBXGroup;
			children = (
				27FF874E1E48B308003A34E8 /* LICENSE.txt */,
				27FF874F1E48B308003A34E8 /* README.md */,
			);
			name = Metadata;
			sourceTree = "<group>";
		};
		CBF48A478203E3A329F900F8 /* Pods */ = {
			isa = PBXGroup;
			children = (
				8D242BA12EC2732011E6B2B0 /* Pods-STExampleTests.debug.xcconfig */,
				53F3D83E526B6DB4D802CB55 /* Pods-STExampleTests.release.xcconfig */,
			);
			name = Pods;
			sourceTree = "<group>";
		};
		E60B33F41E15A47300C36E8C = {
			isa = PBXGroup;
			children = (
				E60B33FF1E15A47300C36E8C /* STExample */,
				27FF87441E48B1F8003A34E8 /* STExampleTests */,
				27FF874D1E48B2F1003A34E8 /* Metadata */,
				E60B33FE1E15A47300C36E8C /* Products */,
				CBF48A478203E3A329F900F8 /* Pods */,
				ECA60744BEE661757579B32E /* Frameworks */,
			);
			sourceTree = "<group>";
		};
		E60B33FE1E15A47300C36E8C /* Products */ = {
			isa = PBXGroup;
			children = (
				E60B33FD1E15A47300C36E8C /* STExample.app */,
				27FF87431E48B1F8003A34E8 /* STExampleTests.xctest */,
			);
			name = Products;
			sourceTree = "<group>";
		};
		E60B33FF1E15A47300C36E8C /* STExample */ = {
			isa = PBXGroup;
			children = (
				E60B34121E15A4FC00C36E8C /* Application */,
				E60B34131E15A50700C36E8C /* Controllers */,
				E60B34141E15A50E00C36E8C /* Models */,
				E60B34151E15A53300C36E8C /* Resources */,
				E60B34161E15A53900C36E8C /* Views */,
			);
			path = STExample;
			sourceTree = "<group>";
		};
		E60B34121E15A4FC00C36E8C /* Application */ = {
			isa = PBXGroup;
			children = (
				E60B34001E15A47300C36E8C /* AppDelegate.swift */,
				E60B340C1E15A47300C36E8C /* Info.plist */,
			);
			path = Application;
			sourceTree = "<group>";
		};
		E60B34131E15A50700C36E8C /* Controllers */ = {
			isa = PBXGroup;
			children = (
				E60B34021E15A47300C36E8C /* ViewController.swift */,
			);
			path = Controllers;
			sourceTree = "<group>";
		};
		E60B34141E15A50E00C36E8C /* Models */ = {
			isa = PBXGroup;
			children = (
			);
			path = Models;
			sourceTree = "<group>";
		};
		E60B34151E15A53300C36E8C /* Resources */ = {
			isa = PBXGroup;
			children = (
				E60B34071E15A47300C36E8C /* Assets.xcassets */,
			);
			path = Resources;
			sourceTree = "<group>";
		};
		E60B34161E15A53900C36E8C /* Views */ = {
			isa = PBXGroup;
			children = (
				E60B34091E15A47300C36E8C /* LaunchScreen.storyboard */,
				E60B34041E15A47300C36E8C /* Main.storyboard */,
			);
			path = Views;
			sourceTree = "<group>";
		};
		ECA60744BEE661757579B32E /* Frameworks */ = {
			isa = PBXGroup;
			children = (
				916E2199CA578FFF13CB3696 /* Pods_STExample.framework */,
				9F7CC94B16C829150B0AF21B /* Pods_STExampleTests.framework */,
			);
			name = Frameworks;
			sourceTree = "<group>";
		};
/* End PBXGroup section */

/* Begin PBXNativeTarget section */
		27FF87421E48B1F8003A34E8 /* STExampleTests */ = {
			isa = PBXNativeTarget;
			buildConfigurationList = 27FF874C1E48B1F8003A34E8 /* Build configuration list for PBXNativeTarget "STExampleTests" */;
			buildPhases = (
				4A6C07729873EB581943080C /* [CP] Check Pods Manifest.lock */,
				27FF873F1E48B1F8003A34E8 /* Sources */,
				27FF87401E48B1F8003A34E8 /* Frameworks */,
				27FF87411E48B1F8003A34E8 /* Resources */,
				8E90431DA0527D58651926E7 /* [CP] Embed Pods Frameworks */,
				DBA4835F869EBDFB0C05EC8D /* [CP] Copy Pods Resources */,
			);
			buildRules = (
			);
			dependencies = (
				27FF87491E48B1F8003A34E8 /* PBXTargetDependency */,
			);
			name = STExampleTests;
			productName = STExampleTests;
			productReference = 27FF87431E48B1F8003A34E8 /* STExampleTests.xctest */;
			productType = "com.apple.product-type.bundle.unit-test";
		};
		E60B33FC1E15A47300C36E8C /* STExample */ = {
			isa = PBXNativeTarget;
			buildConfigurationList = E60B340F1E15A47300C36E8C /* Build configuration list for PBXNativeTarget "STExample" */;
			buildPhases = (
				E60B33F91E15A47300C36E8C /* Sources */,
				E60B33FA1E15A47300C36E8C /* Frameworks */,
				E60B33FB1E15A47300C36E8C /* Resources */,
			);
			buildRules = (
			);
			dependencies = (
			);
			name = STExample;
			productName = STExample;
			productReference = E60B33FD1E15A47300C36E8C /* STExample.app */;
			productType = "com.apple.product-type.application";
		};
/* End PBXNativeTarget section */

/* Begin PBXProject section */
		E60B33F51E15A47300C36E8C /* Project object */ = {
			isa = PBXProject;
			attributes = {
				LastSwiftUpdateCheck = 0810;
				LastUpgradeCheck = 0820;
				ORGANIZATIONNAME = CompanyName;
				TargetAttributes = {
					27FF87421E48B1F8003A34E8 = {
						CreatedOnToolsVersion = 8.1;
						ProvisioningStyle = Automatic;
						TestTargetID = E60B33FC1E15A47300C36E8C;
					};
					E60B33FC1E15A47300C36E8C = {
						CreatedOnToolsVersion = 8.2.1;
						ProvisioningStyle = Manual;
					};
				};
			};
			buildConfigurationList = E60B33F81E15A47300C36E8C /* Build configuration list for PBXProject "STExample" */;
			compatibilityVersion = "Xcode 3.2";
			developmentRegion = English;
			hasScannedForEncodings = 0;
			knownRegions = (
				en,
				Base,
			);
			mainGroup = E60B33F41E15A47300C36E8C;
			productRefGroup = E60B33FE1E15A47300C36E8C /* Products */;
			projectDirPath = "";
			projectRoot = "";
			targets = (
				E60B33FC1E15A47300C36E8C /* STExample */,
				27FF87421E48B1F8003A34E8 /* STExampleTests */,
			);
		};
/* End PBXProject section */

/* Begin PBXResourcesBuildPhase section */
		27FF87411E48B1F8003A34E8 /* Resources */ = {
			isa = PBXResourcesBuildPhase;
			buildActionMask = 2147483647;
			files = (
			);
			runOnlyForDeploymentPostprocessing = 0;
		};
		E60B33FB1E15A47300C36E8C /* Resources */ = {
			isa = PBXResourcesBuildPhase;
			buildActionMask = 2147483647;
			files = (
				27FF87501E48B308003A34E8 /* LICENSE.txt in Resources */,
				E60B340B1E15A47300C36E8C /* LaunchScreen.storyboard in Resources */,
				E60B34081E15A47300C36E8C /* Assets.xcassets in Resources */,
				E60B34061E15A47300C36E8C /* Main.storyboard in Resources */,
			);
			runOnlyForDeploymentPostprocessing = 0;
		};
/* End PBXResourcesBuildPhase section */

/* Begin PBXShellScriptBuildPhase section */
		4A6C07729873EB581943080C /* [CP] Check Pods Manifest.lock */ = {
			isa = PBXShellScriptBuildPhase;
			buildActionMask = 2147483647;
			files = (
			);
			inputPaths = (
			);
			name = "[CP] Check Pods Manifest.lock";
			outputPaths = (
			);
			runOnlyForDeploymentPostprocessing = 0;
			shellPath = /bin/sh;
			shellScript = "diff \"${PODS_PODFILE_DIR_PATH}/Podfile.lock\" \"${PODS_ROOT}/Manifest.lock\" > /dev/null\nif [ $? != 0 ] ; then\n    # print error to STDERR\n    echo \"error: The sandbox is not in sync with the Podfile.lock. Run 'pod install' or update your CocoaPods installation.\" >&2\n    exit 1\nfi\n";
			showEnvVarsInLog = 0;
		};
		8E90431DA0527D58651926E7 /* [CP] Embed Pods Frameworks */ = {
			isa = PBXShellScriptBuildPhase;
			buildActionMask = 2147483647;
			files = (
			);
			inputPaths = (
			);
			name = "[CP] Embed Pods Frameworks";
			outputPaths = (
			);
			runOnlyForDeploymentPostprocessing = 0;
			shellPath = /bin/sh;
			shellScript = "\"${SRCROOT}/Pods/Target Support Files/Pods-STExampleTests/Pods-STExampleTests-frameworks.sh\"\n";
			showEnvVarsInLog = 0;
		};
		DBA4835F869EBDFB0C05EC8D /* [CP] Copy Pods Resources */ = {
			isa = PBXShellScriptBuildPhase;
			buildActionMask = 2147483647;
			files = (
			);
			inputPaths = (
			);
			name = "[CP] Copy Pods Resources";
			outputPaths = (
			);
			runOnlyForDeploymentPostprocessing = 0;
			shellPath = /bin/sh;
			shellScript = "\"${SRCROOT}/Pods/Target Support Files/Pods-STExampleTests/Pods-STExampleTests-resources.sh\"\n";
			showEnvVarsInLog = 0;
		};
/* End PBXShellScriptBuildPhase section */

/* Begin PBXSourcesBuildPhase section */
		27FF873F1E48B1F8003A34E8 /* Sources */ = {
			isa = PBXSourcesBuildPhase;
			buildActionMask = 2147483647;
			files = (
				274B25571F13B2E900574E54 /* ViewController.swift in Sources */,
				27FF87461E48B1F8003A34E8 /* STExampleTests.swift in Sources */,
			);
			runOnlyForDeploymentPostprocessing = 0;
		};
		E60B33F91E15A47300C36E8C /* Sources */ = {
			isa = PBXSourcesBuildPhase;
			buildActionMask = 2147483647;
			files = (
				E60B34031E15A47300C36E8C /* ViewController.swift in Sources */,
				E60B34011E15A47300C36E8C /* AppDelegate.swift in Sources */,
			);
			runOnlyForDeploymentPostprocessing = 0;
		};
/* End PBXSourcesBuildPhase section */

/* Begin PBXTargetDependency section */
		27FF87491E48B1F8003A34E8 /* PBXTargetDependency */ = {
			isa = PBXTargetDependency;
			target = E60B33FC1E15A47300C36E8C /* STExample */;
			targetProxy = 27FF87481E48B1F8003A34E8 /* PBXContainerItemProxy */;
		};
/* End PBXTargetDependency section */

/* Begin PBXVariantGroup section */
		E60B34041E15A47300C36E8C /* Main.storyboard */ = {
			isa = PBXVariantGroup;
			children = (
				E60B34051E15A47300C36E8C /* Base */,
			);
			name = Main.storyboard;
			path = .;
			sourceTree = "<group>";
		};
		E60B34091E15A47300C36E8C /* LaunchScreen.storyboard */ = {
			isa = PBXVariantGroup;
			children = (
				E60B340A1E15A47300C36E8C /* Base */,
			);
			name = LaunchScreen.storyboard;
			path = .;
			sourceTree = "<group>";
		};
/* End PBXVariantGroup section */

/* Begin XCBuildConfiguration section */
		27FF874A1E48B1F8003A34E8 /* Debug */ = {
			isa = XCBuildConfiguration;
			baseConfigurationReference = 8D242BA12EC2732011E6B2B0 /* Pods-STExampleTests.debug.xcconfig */;
			buildSettings = {
				BUNDLE_LOADER = "$(TEST_HOST)";
				CLANG_WARN_SUSPICIOUS_MOVES = YES;
				INFOPLIST_FILE = STExampleTests/Info.plist;
				IPHONEOS_DEPLOYMENT_TARGET = 10.1;
				LD_RUNPATH_SEARCH_PATHS = "$(inherited) @executable_path/Frameworks @loader_path/Frameworks";
				PRODUCT_BUNDLE_IDENTIFIER = com.MyCompany.STExampleTests;
				PRODUCT_NAME = "$(TARGET_NAME)";
				SWIFT_VERSION = 3.0;
				TEST_HOST = "$(BUILT_PRODUCTS_DIR)/STExample.app/STExample";
			};
			name = Debug;
		};
		27FF874B1E48B1F8003A34E8 /* Release */ = {
			isa = XCBuildConfiguration;
			baseConfigurationReference = 53F3D83E526B6DB4D802CB55 /* Pods-STExampleTests.release.xcconfig */;
			buildSettings = {
				BUNDLE_LOADER = "$(TEST_HOST)";
				CLANG_WARN_SUSPICIOUS_MOVES = YES;
				INFOPLIST_FILE = STExampleTests/Info.plist;
				IPHONEOS_DEPLOYMENT_TARGET = 10.1;
				LD_RUNPATH_SEARCH_PATHS = "$(inherited) @executable_path/Frameworks @loader_path/Frameworks";
				PRODUCT_BUNDLE_IDENTIFIER = com.MyCompany.STExampleTests;
				PRODUCT_NAME = "$(TARGET_NAME)";
				SWIFT_VERSION = 3.0;
				TEST_HOST = "$(BUILT_PRODUCTS_DIR)/STExample.app/STExample";
			};
			name = Release;
		};
		E60B340D1E15A47300C36E8C /* Debug */ = {
			isa = XCBuildConfiguration;
			buildSettings = {
				ALWAYS_SEARCH_USER_PATHS = NO;
				CLANG_ANALYZER_NONNULL = YES;
				CLANG_CXX_LANGUAGE_STANDARD = "gnu++0x";
				CLANG_CXX_LIBRARY = "libc++";
				CLANG_ENABLE_MODULES = YES;
				CLANG_ENABLE_OBJC_ARC = YES;
				CLANG_WARN_BOOL_CONVERSION = YES;
				CLANG_WARN_CONSTANT_CONVERSION = YES;
				CLANG_WARN_DIRECT_OBJC_ISA_USAGE = YES_ERROR;
				CLANG_WARN_DOCUMENTATION_COMMENTS = YES;
				CLANG_WARN_EMPTY_BODY = YES;
				CLANG_WARN_ENUM_CONVERSION = YES;
				CLANG_WARN_INFINITE_RECURSION = YES;
				CLANG_WARN_INT_CONVERSION = YES;
				CLANG_WARN_OBJC_ROOT_CLASS = YES_ERROR;
				CLANG_WARN_SUSPICIOUS_MOVE = YES;
				CLANG_WARN_UNREACHABLE_CODE = YES;
				CLANG_WARN__DUPLICATE_METHOD_MATCH = YES;
				"CODE_SIGN_IDENTITY[sdk=iphoneos*]" = "iPhone Developer";
				COPY_PHASE_STRIP = NO;
				DEBUG_INFORMATION_FORMAT = dwarf;
				ENABLE_STRICT_OBJC_MSGSEND = YES;
				ENABLE_TESTABILITY = YES;
				GCC_C_LANGUAGE_STANDARD = gnu99;
				GCC_DYNAMIC_NO_PIC = NO;
				GCC_NO_COMMON_BLOCKS = YES;
				GCC_OPTIMIZATION_LEVEL = 0;
				GCC_PREPROCESSOR_DEFINITIONS = (
					"DEBUG=1",
					"$(inherited)",
				);
				GCC_WARN_64_TO_32_BIT_CONVERSION = YES;
				GCC_WARN_ABOUT_RETURN_TYPE = YES_ERROR;
				GCC_WARN_UNDECLARED_SELECTOR = YES;
				GCC_WARN_UNINITIALIZED_AUTOS = YES_AGGRESSIVE;
				GCC_WARN_UNUSED_FUNCTION = YES;
				GCC_WARN_UNUSED_VARIABLE = YES;
				IPHONEOS_DEPLOYMENT_TARGET = 10.1;
				MTL_ENABLE_DEBUG_INFO = YES;
				ONLY_ACTIVE_ARCH = YES;
				SDKROOT = iphoneos;
				SWIFT_ACTIVE_COMPILATION_CONDITIONS = DEBUG;
				SWIFT_OPTIMIZATION_LEVEL = "-Onone";
			};
			name = Debug;
		};
		E60B340E1E15A47300C36E8C /* Release */ = {
			isa = XCBuildConfiguration;
			buildSettings = {
				ALWAYS_SEARCH_USER_PATHS = NO;
				CLANG_ANALYZER_NONNULL = YES;
				CLANG_CXX_LANGUAGE_STANDARD = "gnu++0x";
				CLANG_CXX_LIBRARY = "libc++";
				CLANG_ENABLE_MODULES = YES;
				CLANG_ENABLE_OBJC_ARC = YES;
				CLANG_WARN_BOOL_CONVERSION = YES;
				CLANG_WARN_CONSTANT_CONVERSION = YES;
				CLANG_WARN_DIRECT_OBJC_ISA_USAGE = YES_ERROR;
				CLANG_WARN_DOCUMENTATION_COMMENTS = YES;
				CLANG_WARN_EMPTY_BODY = YES;
				CLANG_WARN_ENUM_CONVERSION = YES;
				CLANG_WARN_INFINITE_RECURSION = YES;
				CLANG_WARN_INT_CONVERSION = YES;
				CLANG_WARN_OBJC_ROOT_CLASS = YES_ERROR;
				CLANG_WARN_SUSPICIOUS_MOVE = YES;
				CLANG_WARN_UNREACHABLE_CODE = YES;
				CLANG_WARN__DUPLICATE_METHOD_MATCH = YES;
				"CODE_SIGN_IDENTITY[sdk=iphoneos*]" = "iPhone Developer";
				COPY_PHASE_STRIP = NO;
				DEBUG_INFORMATION_FORMAT = "dwarf-with-dsym";
				ENABLE_NS_ASSERTIONS = NO;
				ENABLE_STRICT_OBJC_MSGSEND = YES;
				GCC_C_LANGUAGE_STANDARD = gnu99;
				GCC_NO_COMMON_BLOCKS = YES;
				GCC_WARN_64_TO_32_BIT_CONVERSION = YES;
				GCC_WARN_ABOUT_RETURN_TYPE = YES_ERROR;
				GCC_WARN_UNDECLARED_SELECTOR = YES;
				GCC_WARN_UNINITIALIZED_AUTOS = YES_AGGRESSIVE;
				GCC_WARN_UNUSED_FUNCTION = YES;
				GCC_WARN_UNUSED_VARIABLE = YES;
				IPHONEOS_DEPLOYMENT_TARGET = 10.1;
				MTL_ENABLE_DEBUG_INFO = NO;
				SDKROOT = iphoneos;
				SWIFT_OPTIMIZATION_LEVEL = "-Owholemodule";
				VALIDATE_PRODUCT = YES;
			};
			name = Release;
		};
		E60B34101E15A47300C36E8C /* Debug */ = {
			isa = XCBuildConfiguration;
			buildSettings = {
				ASSETCATALOG_COMPILER_APPICON_NAME = AppIcon;
				INFOPLIST_FILE = STExample/Application/Info.plist;
				LD_RUNPATH_SEARCH_PATHS = "$(inherited) @executable_path/Frameworks";
				PRODUCT_BUNDLE_IDENTIFIER = com.ags.stexample;
				PRODUCT_NAME = "$(TARGET_NAME)";
				SWIFT_VERSION = 3.0;
			};
			name = Debug;
		};
		E60B34111E15A47300C36E8C /* Release */ = {
			isa = XCBuildConfiguration;
			buildSettings = {
				ASSETCATALOG_COMPILER_APPICON_NAME = AppIcon;
				INFOPLIST_FILE = STExample/Application/Info.plist;
				LD_RUNPATH_SEARCH_PATHS = "$(inherited) @executable_path/Frameworks";
				PRODUCT_BUNDLE_IDENTIFIER = com.ags.stexample;
				PRODUCT_NAME = "$(TARGET_NAME)";
				SWIFT_VERSION = 3.0;
			};
			name = Release;
		};
/* End XCBuildConfiguration section */

/* Begin XCConfigurationList section */
		27FF874C1E48B1F8003A34E8 /* Build configuration list for PBXNativeTarget "STExampleTests" */ = {
			isa = XCConfigurationList;
			buildConfigurations = (
				27FF874A1E48B1F8003A34E8 /* Debug */,
				27FF874B1E48B1F8003A34E8 /* Release */,
			);
			defaultConfigurationIsVisible = 0;
			defaultConfigurationName = Release;
		};
		E60B33F81E15A47300C36E8C /* Build configuration list for PBXProject "STExample" */ = {
			isa = XCConfigurationList;
			buildConfigurations = (
				E60B340D1E15A47300C36E8C /* Debug */,
				E60B340E1E15A47300C36E8C /* Release */,
			);
			defaultConfigurationIsVisible = 0;
			defaultConfigurationName = Release;
		};
		E60B340F1E15A47300C36E8C /* Build configuration list for PBXNativeTarget "STExample" */ = {
			isa = XCConfigurationList;
			buildConfigurations = (
				E60B34101E15A47300C36E8C /* Debug */,
				E60B34111E15A47300C36E8C /* Release */,
			);
			defaultConfigurationIsVisible = 0;
			defaultConfigurationName = Release;
		};
/* End XCConfigurationList section */
	};
	rootObject = E60B33F51E15A47300C36E8C /* Project object */;
}
